
Microsoft Visual Studio Solution File, Format Version 12.00
# Visual Studio Version 17
VisualStudioVersion = 17.6.33417.168
MinimumVisualStudioVersion = 10.0.40219.1
Project("{9A19103F-16F7-4668-BE54-9A1E7A4F7556}") = "SettingsManager", "SettingsManager\SettingsManager.csproj", "{E6AA52EF-78C0-4766-BE2C-403779158822}"
EndProject
Project("{9A19103F-16F7-4668-BE54-9A1E7A4F7556}") = "Tests", "Tests\Tests.csproj", "{BC8F6A75-8DB3-47D7-8200-51B108A2B2ED}"
EndProject
Project("{2150E333-8FDC-42A3-9474-1A3956D46DE8}") = "Solution Items", "Solution Items", "{EBDCE9F8-A61B-4614-B3F7-A2D741EA339D}"
	ProjectSection(SolutionItems) = preProject
		..\README.md = ..\README.md
	EndProjectSection
EndProject
Global
	GlobalSection(SolutionConfigurationPlatforms) = preSolution
		Debug|Any CPU = Debug|Any CPU
		Release|Any CPU = Release|Any CPU
	EndGlobalSection
	GlobalSection(ProjectConfigurationPlatforms) = postSolution
		{E6AA52EF-78C0-4766-BE2C-403779158822}.Debug|Any CPU.ActiveCfg = Debug|Any CPU
		{E6AA52EF-78C0-4766-BE2C-403779158822}.Debug|Any CPU.Build.0 = Debug|Any CPU
		{E6AA52EF-78C0-4766-BE2C-403779158822}.Release|Any CPU.ActiveCfg = Release|Any CPU
		{E6AA52EF-78C0-4766-BE2C-403779158822}.Release|Any CPU.Build.0 = Release|Any CPU
		{BC8F6A75-8DB3-47D7-8200-51B108A2B2ED}.Debug|Any CPU.ActiveCfg = Debug|Any CPU
		{BC8F6A75-8DB3-47D7-8200-51B108A2B2ED}.Debug|Any CPU.Build.0 = Debug|Any CPU
		{BC8F6A75-8DB3-47D7-8200-51B108A2B2ED}.Release|Any CPU.ActiveCfg = Release|Any CPU
		{BC8F6A75-8DB3-47D7-8200-51B108A2B2ED}.Release|Any CPU.Build.0 = Release|Any CPU
	EndGlobalSection
	GlobalSection(SolutionProperties) = preSolution
		HideSolutionNode = FALSE
	EndGlobalSection
	GlobalSection(ExtensibilityGlobals) = postSolution
		SolutionGuid = {4C5785DE-6B83-4086-8074-2F8C10ACCBB3}
	EndGlobalSection
EndGlobal
